// !$*UTF8*$!
{
	archiveVersion = 1;
	classes = {
	};
	objectVersion = 56;
	objects = {

/* Begin PBXBuildFile section */
		8B86877B2AE3AADC00D85AE4 /* RealityKitContent in Frameworks */ = {isa = PBXBuildFile; productRef = 8B86877A2AE3AADC00D85AE4 /* RealityKitContent */; };
		8B86877D2AE3AADC00D85AE4 /* WeatherApp.swift in Sources */ = {isa = PBXBuildFile; fileRef = 8B86877C2AE3AADC00D85AE4 /* WeatherApp.swift */; };
		8B8687832AE3AADC00D85AE4 /* ImageBasedLighting.skybox in Resources */ = {isa = PBXBuildFile; fileRef = 8B8687822AE3AADC00D85AE4 /* ImageBasedLighting.skybox */; };
		8B8687852AE3AADD00D85AE4 /* Assets.xcassets in Resources */ = {isa = PBXBuildFile; fileRef = 8B8687842AE3AADD00D85AE4 /* Assets.xcassets */; };
		8B8687882AE3AADD00D85AE4 /* Preview Assets.xcassets in Resources */ = {isa = PBXBuildFile; fileRef = 8B8687872AE3AADD00D85AE4 /* Preview Assets.xcassets */; };
		8B8687932AE3AADD00D85AE4 /* WeatherTests.swift in Sources */ = {isa = PBXBuildFile; fileRef = 8B8687922AE3AADD00D85AE4 /* WeatherTests.swift */; };
		8B86879D2AE3B0D200D85AE4 /* RainWindowView.swift in Sources */ = {isa = PBXBuildFile; fileRef = 8B86879C2AE3B0D200D85AE4 /* RainWindowView.swift */; };
		8B86879F2AE3B28400D85AE4 /* SnowWindowView.swift in Sources */ = {isa = PBXBuildFile; fileRef = 8B86879E2AE3B28400D85AE4 /* SnowWindowView.swift */; };
		8B8687A12AE3B2EE00D85AE4 /* WeatherWindowView.swift in Sources */ = {isa = PBXBuildFile; fileRef = 8B8687A02AE3B2EE00D85AE4 /* WeatherWindowView.swift */; };
		8B8687A32AE3B4CE00D85AE4 /* Rain.swift in Sources */ = {isa = PBXBuildFile; fileRef = 8B8687A22AE3B4CE00D85AE4 /* Rain.swift */; };
		8B8687A52AE3B51700D85AE4 /* Snow.swift in Sources */ = {isa = PBXBuildFile; fileRef = 8B8687A42AE3B51700D85AE4 /* Snow.swift */; };
		8B8687A72AE3B5BE00D85AE4 /* RainVolumeView.swift in Sources */ = {isa = PBXBuildFile; fileRef = 8B8687A62AE3B5BE00D85AE4 /* RainVolumeView.swift */; };
		8B8687A92AE3B87F00D85AE4 /* SkySpaceView.swift in Sources */ = {isa = PBXBuildFile; fileRef = 8B8687A82AE3B87F00D85AE4 /* SkySpaceView.swift */; };
		8B8687AB2AE3B9FF00D85AE4 /* SkyView.swift in Sources */ = {isa = PBXBuildFile; fileRef = 8B8687AA2AE3B9FF00D85AE4 /* SkyView.swift */; };
		8B8687AD2AE3BB3400D85AE4 /* Sky.swift in Sources */ = {isa = PBXBuildFile; fileRef = 8B8687AC2AE3BB3400D85AE4 /* Sky.swift */; };
		8B8687B12AE95D5100D85AE4 /* SnowVolumeView.swift in Sources */ = {isa = PBXBuildFile; fileRef = 8B8687B02AE95D5100D85AE4 /* SnowVolumeView.swift */; };
		8B8687B32AE95D9900D85AE4 /* WeatherVolumeView.swift in Sources */ = {isa = PBXBuildFile; fileRef = 8B8687B22AE95D9900D85AE4 /* WeatherVolumeView.swift */; };
/* End PBXBuildFile section */

/* Begin PBXContainerItemProxy section */
		8B86878F2AE3AADD00D85AE4 /* PBXContainerItemProxy */ = {
			isa = PBXContainerItemProxy;
			containerPortal = 8B86876D2AE3AADC00D85AE4 /* Project object */;
			proxyType = 1;
			remoteGlobalIDString = 8B8687742AE3AADC00D85AE4;
			remoteInfo = Weather;
		};
/* End PBXContainerItemProxy section */

/* Begin PBXFileReference section */
		8B8687752AE3AADC00D85AE4 /* Weather.app */ = {isa = PBXFileReference; explicitFileType = wrapper.application; includeInIndex = 0; path = Weather.app; sourceTree = BUILT_PRODUCTS_DIR; };
		8B8687792AE3AADC00D85AE4 /* RealityKitContent */ = {isa = PBXFileReference; lastKnownFileType = wrapper; path = RealityKitContent; sourceTree = "<group>"; };
		8B86877C2AE3AADC00D85AE4 /* WeatherApp.swift */ = {isa = PBXFileReference; lastKnownFileType = sourcecode.swift; path = WeatherApp.swift; sourceTree = "<group>"; };
		8B8687822AE3AADC00D85AE4 /* ImageBasedLighting.skybox */ = {isa = PBXFileReference; lastKnownFileType = file.skybox; path = ImageBasedLighting.skybox; sourceTree = "<group>"; };
		8B8687842AE3AADD00D85AE4 /* Assets.xcassets */ = {isa = PBXFileReference; lastKnownFileType = folder.assetcatalog; path = Assets.xcassets; sourceTree = "<group>"; };
		8B8687872AE3AADD00D85AE4 /* Preview Assets.xcassets */ = {isa = PBXFileReference; lastKnownFileType = folder.assetcatalog; path = "Preview Assets.xcassets"; sourceTree = "<group>"; };
		8B8687892AE3AADD00D85AE4 /* Info.plist */ = {isa = PBXFileReference; lastKnownFileType = text.plist.xml; path = Info.plist; sourceTree = "<group>"; };
		8B86878E2AE3AADD00D85AE4 /* WeatherTests.xctest */ = {isa = PBXFileReference; explicitFileType = wrapper.cfbundle; includeInIndex = 0; path = WeatherTests.xctest; sourceTree = BUILT_PRODUCTS_DIR; };
		8B8687922AE3AADD00D85AE4 /* WeatherTests.swift */ = {isa = PBXFileReference; lastKnownFileType = sourcecode.swift; path = WeatherTests.swift; sourceTree = "<group>"; };
		8B86879C2AE3B0D200D85AE4 /* RainWindowView.swift */ = {isa = PBXFileReference; lastKnownFileType = sourcecode.swift; path = RainWindowView.swift; sourceTree = "<group>"; };
		8B86879E2AE3B28400D85AE4 /* SnowWindowView.swift */ = {isa = PBXFileReference; lastKnownFileType = sourcecode.swift; path = SnowWindowView.swift; sourceTree = "<group>"; };
		8B8687A02AE3B2EE00D85AE4 /* WeatherWindowView.swift */ = {isa = PBXFileReference; lastKnownFileType = sourcecode.swift; path = WeatherWindowView.swift; sourceTree = "<group>"; };
		8B8687A22AE3B4CE00D85AE4 /* Rain.swift */ = {isa = PBXFileReference; lastKnownFileType = sourcecode.swift; path = Rain.swift; sourceTree = "<group>"; };
		8B8687A42AE3B51700D85AE4 /* Snow.swift */ = {isa = PBXFileReference; lastKnownFileType = sourcecode.swift; path = Snow.swift; sourceTree = "<group>"; };
		8B8687A62AE3B5BE00D85AE4 /* RainVolumeView.swift */ = {isa = PBXFileReference; lastKnownFileType = sourcecode.swift; path = RainVolumeView.swift; sourceTree = "<group>"; };
		8B8687A82AE3B87F00D85AE4 /* SkySpaceView.swift */ = {isa = PBXFileReference; lastKnownFileType = sourcecode.swift; path = SkySpaceView.swift; sourceTree = "<group>"; };
		8B8687AA2AE3B9FF00D85AE4 /* SkyView.swift */ = {isa = PBXFileReference; lastKnownFileType = sourcecode.swift; path = SkyView.swift; sourceTree = "<group>"; };
		8B8687AC2AE3BB3400D85AE4 /* Sky.swift */ = {isa = PBXFileReference; lastKnownFileType = sourcecode.swift; path = Sky.swift; sourceTree = "<group>"; };
		8B8687B02AE95D5100D85AE4 /* SnowVolumeView.swift */ = {isa = PBXFileReference; lastKnownFileType = sourcecode.swift; path = SnowVolumeView.swift; sourceTree = "<group>"; };
		8B8687B22AE95D9900D85AE4 /* WeatherVolumeView.swift */ = {isa = PBXFileReference; lastKnownFileType = sourcecode.swift; path = WeatherVolumeView.swift; sourceTree = "<group>"; };
/* End PBXFileReference section */

/* Begin PBXFrameworksBuildPhase section */
		8B8687722AE3AADC00D85AE4 /* Frameworks */ = {
			isa = PBXFrameworksBuildPhase;
			buildActionMask = 2147483647;
			files = (
				8B86877B2AE3AADC00D85AE4 /* RealityKitContent in Frameworks */,
			);
			runOnlyForDeploymentPostprocessing = 0;
		};
		8B86878B2AE3AADD00D85AE4 /* Frameworks */ = {
			isa = PBXFrameworksBuildPhase;
			buildActionMask = 2147483647;
			files = (
			);
			runOnlyForDeploymentPostprocessing = 0;
		};
/* End PBXFrameworksBuildPhase section */

/* Begin PBXGroup section */
		8B86876C2AE3AADC00D85AE4 = {
			isa = PBXGroup;
			children = (
				8B8687772AE3AADC00D85AE4 /* Weather */,
				8B8687782AE3AADC00D85AE4 /* Packages */,
				8B8687912AE3AADD00D85AE4 /* WeatherTests */,
				8B8687762AE3AADC00D85AE4 /* Products */,
			);
			sourceTree = "<group>";
		};
		8B8687762AE3AADC00D85AE4 /* Products */ = {
			isa = PBXGroup;
			children = (
				8B8687752AE3AADC00D85AE4 /* Weather.app */,
				8B86878E2AE3AADD00D85AE4 /* WeatherTests.xctest */,
			);
			name = Products;
			sourceTree = "<group>";
		};
		8B8687772AE3AADC00D85AE4 /* Weather */ = {
			isa = PBXGroup;
			children = (
				8B86877C2AE3AADC00D85AE4 /* WeatherApp.swift */,
				8B8687A22AE3B4CE00D85AE4 /* Rain.swift */,
				8B8687A42AE3B51700D85AE4 /* Snow.swift */,
				8B8687AE2AE95C8B00D85AE4 /* Window */,
				8B8687AF2AE95C9800D85AE4 /* Volume */,
				8B8687B42AE95E3300D85AE4 /* Space */,
				8B8687822AE3AADC00D85AE4 /* ImageBasedLighting.skybox */,
				8B8687842AE3AADD00D85AE4 /* Assets.xcassets */,
				8B8687892AE3AADD00D85AE4 /* Info.plist */,
				8B8687862AE3AADD00D85AE4 /* Preview Content */,
			);
			path = Weather;
			sourceTree = "<group>";
		};
		8B8687782AE3AADC00D85AE4 /* Packages */ = {
			isa = PBXGroup;
			children = (
				8B8687792AE3AADC00D85AE4 /* RealityKitContent */,
			);
			path = Packages;
			sourceTree = "<group>";
		};
		8B8687862AE3AADD00D85AE4 /* Preview Content */ = {
			isa = PBXGroup;
			children = (
				8B8687872AE3AADD00D85AE4 /* Preview Assets.xcassets */,
			);
			path = "Preview Content";
			sourceTree = "<group>";
		};
		8B8687912AE3AADD00D85AE4 /* WeatherTests */ = {
			isa = PBXGroup;
			children = (
				8B8687922AE3AADD00D85AE4 /* WeatherTests.swift */,
			);
			path = WeatherTests;
			sourceTree = "<group>";
		};
		8B8687AE2AE95C8B00D85AE4 /* Window */ = {
			isa = PBXGroup;
			children = (
				8B86879C2AE3B0D200D85AE4 /* RainWindowView.swift */,
				8B86879E2AE3B28400D85AE4 /* SnowWindowView.swift */,
				8B8687A02AE3B2EE00D85AE4 /* WeatherWindowView.swift */,
			);
			path = Window;
			sourceTree = "<group>";
		};
		8B8687AF2AE95C9800D85AE4 /* Volume */ = {
			isa = PBXGroup;
			children = (
				8B8687A62AE3B5BE00D85AE4 /* RainVolumeView.swift */,
				8B8687B02AE95D5100D85AE4 /* SnowVolumeView.swift */,
				8B8687B22AE95D9900D85AE4 /* WeatherVolumeView.swift */,
			);
			path = Volume;
			sourceTree = "<group>";
		};
		8B8687B42AE95E3300D85AE4 /* Space */ = {
			isa = PBXGroup;
			children = (
				8B8687A82AE3B87F00D85AE4 /* SkySpaceView.swift */,
				8B8687AA2AE3B9FF00D85AE4 /* SkyView.swift */,
				8B8687AC2AE3BB3400D85AE4 /* Sky.swift */,
			);
			path = Space;
			sourceTree = "<group>";
		};
/* End PBXGroup section */

/* Begin PBXNativeTarget section */
		8B8687742AE3AADC00D85AE4 /* Weather */ = {
			isa = PBXNativeTarget;
			buildConfigurationList = 8B8687962AE3AADD00D85AE4 /* Build configuration list for PBXNativeTarget "Weather" */;
			buildPhases = (
				8B8687712AE3AADC00D85AE4 /* Sources */,
				8B8687722AE3AADC00D85AE4 /* Frameworks */,
				8B8687732AE3AADC00D85AE4 /* Resources */,
			);
			buildRules = (
			);
			dependencies = (
			);
			name = Weather;
			packageProductDependencies = (
				8B86877A2AE3AADC00D85AE4 /* RealityKitContent */,
			);
			productName = Weather;
			productReference = 8B8687752AE3AADC00D85AE4 /* Weather.app */;
			productType = "com.apple.product-type.application";
		};
		8B86878D2AE3AADD00D85AE4 /* WeatherTests */ = {
			isa = PBXNativeTarget;
			buildConfigurationList = 8B8687992AE3AADD00D85AE4 /* Build configuration list for PBXNativeTarget "WeatherTests" */;
			buildPhases = (
				8B86878A2AE3AADD00D85AE4 /* Sources */,
				8B86878B2AE3AADD00D85AE4 /* Frameworks */,
				8B86878C2AE3AADD00D85AE4 /* Resources */,
			);
			buildRules = (
			);
			dependencies = (
				8B8687902AE3AADD00D85AE4 /* PBXTargetDependency */,
			);
			name = WeatherTests;
			productName = WeatherTests;
			productReference = 8B86878E2AE3AADD00D85AE4 /* WeatherTests.xctest */;
			productType = "com.apple.product-type.bundle.unit-test";
		};
/* End PBXNativeTarget section */

/* Begin PBXProject section */
		8B86876D2AE3AADC00D85AE4 /* Project object */ = {
			isa = PBXProject;
			attributes = {
				BuildIndependentTargetsInParallel = 1;
				LastSwiftUpdateCheck = 1500;
				LastUpgradeCheck = 1500;
				TargetAttributes = {
					8B8687742AE3AADC00D85AE4 = {
						CreatedOnToolsVersion = 15.0;
					};
					8B86878D2AE3AADD00D85AE4 = {
						CreatedOnToolsVersion = 15.0;
						TestTargetID = 8B8687742AE3AADC00D85AE4;
					};
				};
			};
			buildConfigurationList = 8B8687702AE3AADC00D85AE4 /* Build configuration list for PBXProject "Weather" */;
			compatibilityVersion = "Xcode 14.0";
			developmentRegion = en;
			hasScannedForEncodings = 0;
			knownRegions = (
				en,
				Base,
			);
			mainGroup = 8B86876C2AE3AADC00D85AE4;
			productRefGroup = 8B8687762AE3AADC00D85AE4 /* Products */;
			projectDirPath = "";
			projectRoot = "";
			targets = (
				8B8687742AE3AADC00D85AE4 /* Weather */,
				8B86878D2AE3AADD00D85AE4 /* WeatherTests */,
			);
		};
/* End PBXProject section */

/* Begin PBXResourcesBuildPhase section */
		8B8687732AE3AADC00D85AE4 /* Resources */ = {
			isa = PBXResourcesBuildPhase;
			buildActionMask = 2147483647;
			files = (
				8B8687852AE3AADD00D85AE4 /* Assets.xcassets in Resources */,
				8B8687882AE3AADD00D85AE4 /* Preview Assets.xcassets in Resources */,
				8B8687832AE3AADC00D85AE4 /* ImageBasedLighting.skybox in Resources */,
			);
			runOnlyForDeploymentPostprocessing = 0;
		};
		8B86878C2AE3AADD00D85AE4 /* Resources */ = {
			isa = PBXResourcesBuildPhase;
			buildActionMask = 2147483647;
			files = (
			);
			runOnlyForDeploymentPostprocessing = 0;
		};
/* End PBXResourcesBuildPhase section */

/* Begin PBXSourcesBuildPhase section */
		8B8687712AE3AADC00D85AE4 /* Sources */ = {
			isa = PBXSourcesBuildPhase;
			buildActionMask = 2147483647;
			files = (
				8B86879F2AE3B28400D85AE4 /* SnowWindowView.swift in Sources */,
				8B8687A12AE3B2EE00D85AE4 /* WeatherWindowView.swift in Sources */,
				8B86879D2AE3B0D200D85AE4 /* RainWindowView.swift in Sources */,
				8B8687A92AE3B87F00D85AE4 /* SkySpaceView.swift in Sources */,
				8B8687A72AE3B5BE00D85AE4 /* RainVolumeView.swift in Sources */,
				8B8687AD2AE3BB3400D85AE4 /* Sky.swift in Sources */,
				8B8687A32AE3B4CE00D85AE4 /* Rain.swift in Sources */,
				8B8687AB2AE3B9FF00D85AE4 /* SkyView.swift in Sources */,
				8B8687A52AE3B51700D85AE4 /* Snow.swift in Sources */,
				8B8687B32AE95D9900D85AE4 /* WeatherVolumeView.swift in Sources */,
				8B8687B12AE95D5100D85AE4 /* SnowVolumeView.swift in Sources */,
				8B86877D2AE3AADC00D85AE4 /* WeatherApp.swift in Sources */,
			);
			runOnlyForDeploymentPostprocessing = 0;
		};
		8B86878A2AE3AADD00D85AE4 /* Sources */ = {
			isa = PBXSourcesBuildPhase;
			buildActionMask = 2147483647;
			files = (
				8B8687932AE3AADD00D85AE4 /* WeatherTests.swift in Sources */,
			);
			runOnlyForDeploymentPostprocessing = 0;
		};
/* End PBXSourcesBuildPhase section */

/* Begin PBXTargetDependency section */
		8B8687902AE3AADD00D85AE4 /* PBXTargetDependency */ = {
			isa = PBXTargetDependency;
			target = 8B8687742AE3AADC00D85AE4 /* Weather */;
			targetProxy = 8B86878F2AE3AADD00D85AE4 /* PBXContainerItemProxy */;
		};
/* End PBXTargetDependency section */

/* Begin XCBuildConfiguration section */
		8B8687942AE3AADD00D85AE4 /* Debug */ = {
			isa = XCBuildConfiguration;
			buildSettings = {
				ALWAYS_SEARCH_USER_PATHS = NO;
				ASSETCATALOG_COMPILER_GENERATE_SWIFT_ASSET_SYMBOL_EXTENSIONS = YES;
				CLANG_ANALYZER_NONNULL = YES;
				CLANG_ANALYZER_NUMBER_OBJECT_CONVERSION = YES_AGGRESSIVE;
				CLANG_CXX_LANGUAGE_STANDARD = "gnu++20";
				CLANG_ENABLE_MODULES = YES;
				CLANG_ENABLE_OBJC_ARC = YES;
				CLANG_ENABLE_OBJC_WEAK = YES;
				CLANG_WARN_BLOCK_CAPTURE_AUTORELEASING = YES;
				CLANG_WARN_BOOL_CONVERSION = YES;
				CLANG_WARN_COMMA = YES;
				CLANG_WARN_CONSTANT_CONVERSION = YES;
				CLANG_WARN_DEPRECATED_OBJC_IMPLEMENTATIONS = YES;
				CLANG_WARN_DIRECT_OBJC_ISA_USAGE = YES_ERROR;
				CLANG_WARN_DOCUMENTATION_COMMENTS = YES;
				CLANG_WARN_EMPTY_BODY = YES;
				CLANG_WARN_ENUM_CONVERSION = YES;
				CLANG_WARN_INFINITE_RECURSION = YES;
				CLANG_WARN_INT_CONVERSION = YES;
				CLANG_WARN_NON_LITERAL_NULL_CONVERSION = YES;
				CLANG_WARN_OBJC_IMPLICIT_RETAIN_SELF = YES;
				CLANG_WARN_OBJC_LITERAL_CONVERSION = YES;
				CLANG_WARN_OBJC_ROOT_CLASS = YES_ERROR;
				CLANG_WARN_QUOTED_INCLUDE_IN_FRAMEWORK_HEADER = YES;
				CLANG_WARN_RANGE_LOOP_ANALYSIS = YES;
				CLANG_WARN_STRICT_PROTOTYPES = YES;
				CLANG_WARN_SUSPICIOUS_MOVE = YES;
				CLANG_WARN_UNGUARDED_AVAILABILITY = YES_AGGRESSIVE;
				CLANG_WARN_UNREACHABLE_CODE = YES;
				CLANG_WARN__DUPLICATE_METHOD_MATCH = YES;
				COPY_PHASE_STRIP = NO;
				DEBUG_INFORMATION_FORMAT = dwarf;
				ENABLE_STRICT_OBJC_MSGSEND = YES;
				ENABLE_TESTABILITY = YES;
				ENABLE_USER_SCRIPT_SANDBOXING = YES;
				GCC_C_LANGUAGE_STANDARD = gnu17;
				GCC_DYNAMIC_NO_PIC = NO;
				GCC_NO_COMMON_BLOCKS = YES;
				GCC_OPTIMIZATION_LEVEL = 0;
				GCC_PREPROCESSOR_DEFINITIONS = (
					"DEBUG=1",
					"$(inherited)",
				);
				GCC_WARN_64_TO_32_BIT_CONVERSION = YES;
				GCC_WARN_ABOUT_RETURN_TYPE = YES_ERROR;
				GCC_WARN_UNDECLARED_SELECTOR = YES;
				GCC_WARN_UNINITIALIZED_AUTOS = YES_AGGRESSIVE;
				GCC_WARN_UNUSED_FUNCTION = YES;
				GCC_WARN_UNUSED_VARIABLE = YES;
				LOCALIZATION_PREFERS_STRING_CATALOGS = YES;
				MTL_ENABLE_DEBUG_INFO = INCLUDE_SOURCE;
				MTL_FAST_MATH = YES;
				ONLY_ACTIVE_ARCH = YES;
				SDKROOT = xros;
				SWIFT_ACTIVE_COMPILATION_CONDITIONS = "DEBUG $(inherited)";
				SWIFT_OPTIMIZATION_LEVEL = "-Onone";
				XROS_DEPLOYMENT_TARGET = 1.0;
			};
			name = Debug;
		};
		8B8687952AE3AADD00D85AE4 /* Release */ = {
			isa = XCBuildConfiguration;
			buildSettings = {
				ALWAYS_SEARCH_USER_PATHS = NO;
				ASSETCATALOG_COMPILER_GENERATE_SWIFT_ASSET_SYMBOL_EXTENSIONS = YES;
				CLANG_ANALYZER_NONNULL = YES;
				CLANG_ANALYZER_NUMBER_OBJECT_CONVERSION = YES_AGGRESSIVE;
				CLANG_CXX_LANGUAGE_STANDARD = "gnu++20";
				CLANG_ENABLE_MODULES = YES;
				CLANG_ENABLE_OBJC_ARC = YES;
				CLANG_ENABLE_OBJC_WEAK = YES;
				CLANG_WARN_BLOCK_CAPTURE_AUTORELEASING = YES;
				CLANG_WARN_BOOL_CONVERSION = YES;
				CLANG_WARN_COMMA = YES;
				CLANG_WARN_CONSTANT_CONVERSION = YES;
				CLANG_WARN_DEPRECATED_OBJC_IMPLEMENTATIONS = YES;
				CLANG_WARN_DIRECT_OBJC_ISA_USAGE = YES_ERROR;
				CLANG_WARN_DOCUMENTATION_COMMENTS = YES;
				CLANG_WARN_EMPTY_BODY = YES;
				CLANG_WARN_ENUM_CONVERSION = YES;
				CLANG_WARN_INFINITE_RECURSION = YES;
				CLANG_WARN_INT_CONVERSION = YES;
				CLANG_WARN_NON_LITERAL_NULL_CONVERSION = YES;
				CLANG_WARN_OBJC_IMPLICIT_RETAIN_SELF = YES;
				CLANG_WARN_OBJC_LITERAL_CONVERSION = YES;
				CLANG_WARN_OBJC_ROOT_CLASS = YES_ERROR;
				CLANG_WARN_QUOTED_INCLUDE_IN_FRAMEWORK_HEADER = YES;
				CLANG_WARN_RANGE_LOOP_ANALYSIS = YES;
				CLANG_WARN_STRICT_PROTOTYPES = YES;
				CLANG_WARN_SUSPICIOUS_MOVE = YES;
				CLANG_WARN_UNGUARDED_AVAILABILITY = YES_AGGRESSIVE;
				CLANG_WARN_UNREACHABLE_CODE = YES;
				CLANG_WARN__DUPLICATE_METHOD_MATCH = YES;
				COPY_PHASE_STRIP = NO;
				DEBUG_INFORMATION_FORMAT = "dwarf-with-dsym";
				ENABLE_NS_ASSERTIONS = NO;
				ENABLE_STRICT_OBJC_MSGSEND = YES;
				ENABLE_USER_SCRIPT_SANDBOXING = YES;
				GCC_C_LANGUAGE_STANDARD = gnu17;
				GCC_NO_COMMON_BLOCKS = YES;
				GCC_WARN_64_TO_32_BIT_CONVERSION = YES;
				GCC_WARN_ABOUT_RETURN_TYPE = YES_ERROR;
				GCC_WARN_UNDECLARED_SELECTOR = YES;
				GCC_WARN_UNINITIALIZED_AUTOS = YES_AGGRESSIVE;
				GCC_WARN_UNUSED_FUNCTION = YES;
				GCC_WARN_UNUSED_VARIABLE = YES;
				LOCALIZATION_PREFERS_STRING_CATALOGS = YES;
				MTL_ENABLE_DEBUG_INFO = NO;
				MTL_FAST_MATH = YES;
				SDKROOT = xros;
				SWIFT_COMPILATION_MODE = wholemodule;
				VALIDATE_PRODUCT = YES;
				XROS_DEPLOYMENT_TARGET = 1.0;
			};
			name = Release;
		};
		8B8687972AE3AADD00D85AE4 /* Debug */ = {
			isa = XCBuildConfiguration;
			buildSettings = {
				ASSETCATALOG_COMPILER_APPICON_NAME = AppIcon;
				ASSETCATALOG_COMPILER_GLOBAL_ACCENT_COLOR_NAME = AccentColor;
				CODE_SIGN_STYLE = Automatic;
				CURRENT_PROJECT_VERSION = 1;
				DEVELOPMENT_ASSET_PATHS = "\"Weather/Preview Content\"";
				DEVELOPMENT_TEAM = QK3F4XQJV2;
				ENABLE_PREVIEWS = YES;
				GENERATE_INFOPLIST_FILE = YES;
				INFOPLIST_FILE = "$(TARGET_NAME)/Info.plist";
				LD_RUNPATH_SEARCH_PATHS = (
					"$(inherited)",
					"@executable_path/Frameworks",
				);
				MARKETING_VERSION = 1.0;
				PRODUCT_BUNDLE_IDENTIFIER = com.judy.Weather;
				PRODUCT_NAME = "$(TARGET_NAME)";
				SUPPORTED_PLATFORMS = "xros xrsimulator";
				SWIFT_EMIT_LOC_STRINGS = YES;
				SWIFT_VERSION = 5.0;
				TARGETED_DEVICE_FAMILY = "1,2,7";
			};
			name = Debug;
		};
		8B8687982AE3AADD00D85AE4 /* Release */ = {
			isa = XCBuildConfiguration;
			buildSettings = {
				ASSETCATALOG_COMPILER_APPICON_NAME = AppIcon;
				ASSETCATALOG_COMPILER_GLOBAL_ACCENT_COLOR_NAME = AccentColor;
				CODE_SIGN_STYLE = Automatic;
				CURRENT_PROJECT_VERSION = 1;
				DEVELOPMENT_ASSET_PATHS = "\"Weather/Preview Content\"";
				DEVELOPMENT_TEAM = QK3F4XQJV2;
				ENABLE_PREVIEWS = YES;
				GENERATE_INFOPLIST_FILE = YES;
				INFOPLIST_FILE = "$(TARGET_NAME)/Info.plist";
				LD_RUNPATH_SEARCH_PATHS = (
					"$(inherited)",
					"@executable_path/Frameworks",
				);
				MARKETING_VERSION = 1.0;
				PRODUCT_BUNDLE_IDENTIFIER = com.judy.Weather;
				PRODUCT_NAME = "$(TARGET_NAME)";
				SUPPORTED_PLATFORMS = "xros xrsimulator";
				SWIFT_EMIT_LOC_STRINGS = YES;
				SWIFT_VERSION = 5.0;
				TARGETED_DEVICE_FAMILY = "1,2,7";
			};
			name = Release;
		};
		8B86879A2AE3AADD00D85AE4 /* Debug */ = {
			isa = XCBuildConfiguration;
			buildSettings = {
				ALWAYS_EMBED_SWIFT_STANDARD_LIBRARIES = YES;
				BUNDLE_LOADER = "$(TEST_HOST)";
				CODE_SIGN_STYLE = Automatic;
				CURRENT_PROJECT_VERSION = 1;
				DEVELOPMENT_TEAM = QK3F4XQJV2;
				GENERATE_INFOPLIST_FILE = YES;
				MARKETING_VERSION = 1.0;
				PRODUCT_BUNDLE_IDENTIFIER = com.judy.WeatherTests;
				PRODUCT_NAME = "$(TARGET_NAME)";
				SUPPORTED_PLATFORMS = "xros xrsimulator";
				SWIFT_EMIT_LOC_STRINGS = NO;
				SWIFT_VERSION = 5.0;
				TARGETED_DEVICE_FAMILY = "1,2,7";
				TEST_HOST = "$(BUILT_PRODUCTS_DIR)/Weather.app/$(BUNDLE_EXECUTABLE_FOLDER_PATH)/Weather";
				XROS_DEPLOYMENT_TARGET = 1.0;
			};
			name = Debug;
		};
		8B86879B2AE3AADD00D85AE4 /* Release */ = {
			isa = XCBuildConfiguration;
			buildSettings = {
				ALWAYS_EMBED_SWIFT_STANDARD_LIBRARIES = YES;
				BUNDLE_LOADER = "$(TEST_HOST)";
				CODE_SIGN_STYLE = Automatic;
				CURRENT_PROJECT_VERSION = 1;
				DEVELOPMENT_TEAM = QK3F4XQJV2;
				GENERATE_INFOPLIST_FILE = YES;
				MARKETING_VERSION = 1.0;
				PRODUCT_BUNDLE_IDENTIFIER = com.judy.WeatherTests;
				PRODUCT_NAME = "$(TARGET_NAME)";
				SUPPORTED_PLATFORMS = "xros xrsimulator";
				SWIFT_EMIT_LOC_STRINGS = NO;
				SWIFT_VERSION = 5.0;
				TARGETED_DEVICE_FAMILY = "1,2,7";
				TEST_HOST = "$(BUILT_PRODUCTS_DIR)/Weather.app/$(BUNDLE_EXECUTABLE_FOLDER_PATH)/Weather";
				XROS_DEPLOYMENT_TARGET = 1.0;
			};
			name = Release;
		};
/* End XCBuildConfiguration section */

/* Begin XCConfigurationList section */
		8B8687702AE3AADC00D85AE4 /* Build configuration list for PBXProject "Weather" */ = {
			isa = XCConfigurationList;
			buildConfigurations = (
				8B8687942AE3AADD00D85AE4 /* Debug */,
				8B8687952AE3AADD00D85AE4 /* Release */,
			);
			defaultConfigurationIsVisible = 0;
			defaultConfigurationName = Release;
		};
		8B8687962AE3AADD00D85AE4 /* Build configuration list for PBXNativeTarget "Weather" */ = {
			isa = XCConfigurationList;
			buildConfigurations = (
				8B8687972AE3AADD00D85AE4 /* Debug */,
				8B8687982AE3AADD00D85AE4 /* Release */,
			);
			defaultConfigurationIsVisible = 0;
			defaultConfigurationName = Release;
		};
		8B8687992AE3AADD00D85AE4 /* Build configuration list for PBXNativeTarget "WeatherTests" */ = {
			isa = XCConfigurationList;
			buildConfigurations = (
				8B86879A2AE3AADD00D85AE4 /* Debug */,
				8B86879B2AE3AADD00D85AE4 /* Release */,
			);
			defaultConfigurationIsVisible = 0;
			defaultConfigurationName = Release;
		};
/* End XCConfigurationList section */

/* Begin XCSwiftPackageProductDependency section */
		8B86877A2AE3AADC00D85AE4 /* RealityKitContent */ = {
			isa = XCSwiftPackageProductDependency;
			productName = RealityKitContent;
		};
/* End XCSwiftPackageProductDependency section */
	};
	rootObject = 8B86876D2AE3AADC00D85AE4 /* Project object */;
}
